
Microsoft Visual Studio Solution File, Format Version 12.00
# Visual Studio 14
VisualStudioVersion = 14.0.25420.1
MinimumVisualStudioVersion = 10.0.40219.1
Project("{D954291E-2A0B-460D-934E-DC6B0785DB48}") = "CryEditor", "CryEditor\CryEditor.shproj", "{E30C218A-26E0-48DC-B2D9-90F213018948}"
EndProject
Project("{FAE04EC0-301F-11D3-BF4B-00C04F79EFBC}") = "CryEditor.Desktop", "CryEditor.Desktop\CryEditor.Desktop.csproj", "{92BB3DA4-9141-4B83-BEA5-E51F3C2BBCFD}"
EndProject
Global
	GlobalSection(SharedMSBuildProjectFiles) = preSolution
		CryEditor\CryEditor.projitems*{e30c218a-26e0-48dc-b2d9-90f213018948}*SharedItemsImports = 13
	EndGlobalSection
	GlobalSection(SolutionConfigurationPlatforms) = preSolution
		Debug|Any CPU = Debug|Any CPU
		Release|Any CPU = Release|Any CPU
	EndGlobalSection
	GlobalSection(ProjectConfigurationPlatforms) = postSolution
		{92BB3DA4-9141-4B83-BEA5-E51F3C2BBCFD}.Debug|Any CPU.ActiveCfg = Debug|Any CPU
		{92BB3DA4-9141-4B83-BEA5-E51F3C2BBCFD}.Debug|Any CPU.Build.0 = Debug|Any CPU
		{92BB3DA4-9141-4B83-BEA5-E51F3C2BBCFD}.Release|Any CPU.ActiveCfg = Release|Any CPU
		{92BB3DA4-9141-4B83-BEA5-E51F3C2BBCFD}.Release|Any CPU.Build.0 = Release|Any CPU
	EndGlobalSection
	GlobalSection(SolutionProperties) = preSolution
		HideSolutionNode = FALSE
	EndGlobalSection
EndGlobal
